
Microsoft Visual Studio Solution File, Format Version 12.00
# Visual Studio Version 17
VisualStudioVersion = 17.3.32929.385
MinimumVisualStudioVersion = 10.0.40219.1
Project("{FAE04EC0-301F-11D3-BF4B-00C04F79EFBC}") = "task10", "task10\task10.csproj", "{0605FB41-B44C-4585-9C95-41D3A7F97B85}"
EndProject
Global
	GlobalSection(SolutionConfigurationPlatforms) = preSolution
		Debug|Any CPU = Debug|Any CPU
		Release|Any CPU = Release|Any CPU
	EndGlobalSection
	GlobalSection(ProjectConfigurationPlatforms) = postSolution
		{0605FB41-B44C-4585-9C95-41D3A7F97B85}.Debug|Any CPU.ActiveCfg = Debug|Any CPU
		{0605FB41-B44C-4585-9C95-41D3A7F97B85}.Debug|Any CPU.Build.0 = Debug|Any CPU
		{0605FB41-B44C-4585-9C95-41D3A7F97B85}.Release|Any CPU.ActiveCfg = Release|Any CPU
		{0605FB41-B44C-4585-9C95-41D3A7F97B85}.Release|Any CPU.Build.0 = Release|Any CPU
	EndGlobalSection
	GlobalSection(SolutionProperties) = preSolution
		HideSolutionNode = FALSE
	EndGlobalSection
	GlobalSection(ExtensibilityGlobals) = postSolution
		SolutionGuid = {D3A2D1EC-8AC4-4A2F-9503-862412A9DFF5}
	EndGlobalSection
EndGlobal
